{
  "version": 4,
  "terraform_version": "1.5.5",
  "serial": 5,
  "lineage": "a05f966b-2f4e-4d34-b541-7fe47d5769e0",
  "outputs": {},
  "resources": [
    {
      "mode": "managed",
      "type": "yandex_compute_instance",
      "name": "default",
      "provider": "provider[\"registry.terraform.io/yandex-cloud/yandex\"]",
      "instances": [
        {
          "schema_version": 1,
          "attributes": {
            "allow_recreate": null,
            "allow_stopping_for_update": null,
            "boot_disk": [
              {
                "auto_delete": true,
                "device_name": "fhm3elc55iaosm7en2bq",
                "disk_id": "fhm3elc55iaosm7en2bq",
                "initialize_params": [
                  {
                    "block_size": 4096,
                    "description": "",
                    "image_id": "fd8nru7hnggqhs9mkqps",
                    "name": "",
                    "size": 8,
                    "snapshot_id": "",
                    "type": "network-hdd"
                  }
                ],
                "mode": "READ_WRITE"
              }
            ],
            "created_at": "2023-11-08T17:03:51Z",
            "description": "",
            "filesystem": [],
            "folder_id": "b1gs8gks9evl3v7ufrrl",
            "fqdn": "fhmilaj5vrbm819va9qj.auto.internal",
            "gpu_cluster_id": "",
            "hostname": "",
            "id": "fhmilaj5vrbm819va9qj",
            "labels": {},
            "local_disk": [],
            "metadata": {
              "foo": "bar",
              "ssh-keys": "ubuntu:ssh-rsa AAAAB3NzaC1yc2EAAAADAQABAAABgQDY5vdt+j/4JcqGfiD0hG4IpuQTc0sKi/CNuezJW0n8COffe2NkKq1xFZ+cmBt4FXUo/30Esut0dr7mCK5LILe/yehZ9UB6NO4VCo2riRE9Y1lRkyA4UqkKUIwH93GZJn6ICDzsIsy811NatG0FutfvpIpoSclgTV8+szaBKGL1lOdJH6xDP2fPOiFOfoNxzOo+k4eM6VC75uL3jsB02ghsUo60NjVZw/mBE5v2IDFt4EnRkB7syB38LKCsZ153zxMQpQ2ocgT/VWbAQufxXrria/BqDqPSvnWDk1P5MFxrvVpmvSxPTGxkiqX9rdw+dMAlXM82gQSixi/h3c8G1onPwuWb2rzurRAePfVO5ACUqGS0flBj7bCbuq9vyCexFs+Hj6KchaVyh0AgLY4T0eIBZtUqLrVqOTqhj9jITBLKfgpY33ic/DwdmUZhAitZ8RfcXlLrtj3zZwLppxvU2g/ccoJPW98sAAsEJX59dMJQuXsahCTw3UfGFP3Zx7CZRhU= savchenko@debian\n"
            },
            "metadata_options": [
              {
                "aws_v1_http_endpoint": 1,
                "aws_v1_http_token": 2,
                "gce_http_endpoint": 1,
                "gce_http_token": 1
              }
            ],
            "name": "test",
            "network_acceleration_type": "standard",
            "network_interface": [
              {
                "dns_record": [],
                "index": 0,
                "ip_address": "10.5.0.18",
                "ipv4": true,
                "ipv6": false,
                "ipv6_address": "",
                "ipv6_dns_record": [],
                "mac_address": "d0:0d:12:aa:a6:5f",
                "nat": false,
                "nat_dns_record": [],
                "nat_ip_address": "",
                "nat_ip_version": "",
                "security_group_ids": [],
                "subnet_id": "e9boapljep28mio9gr91"
              }
            ],
            "placement_policy": [
              {
                "host_affinity_rules": [],
                "placement_group_id": ""
              }
            ],
            "platform_id": "standard-v1",
            "resources": [
              {
                "core_fraction": 100,
                "cores": 2,
                "gpus": 0,
                "memory": 4
              }
            ],
            "scheduling_policy": [
              {
                "preemptible": false
              }
            ],
            "secondary_disk": [],
            "service_account_id": "",
            "status": "running",
            "timeouts": null,
            "zone": "ru-central1-a"
          },
          "sensitive_attributes": [],
          "private": "eyJlMmJmYjczMC1lY2FhLTExZTYtOGY4OC0zNDM2M2JjN2M0YzAiOnsiY3JlYXRlIjozMDAwMDAwMDAwMDAsImRlbGV0ZSI6MzAwMDAwMDAwMDAwLCJ1cGRhdGUiOjMwMDAwMDAwMDAwMH0sInNjaGVtYV92ZXJzaW9uIjoiMSJ9",
          "dependencies": [
            "yandex_vpc_network.foo",
            "yandex_vpc_subnet.foo"
          ]
        }
      ]
    },
    {
      "mode": "managed",
      "type": "yandex_vpc_network",
      "name": "foo",
      "provider": "provider[\"registry.terraform.io/yandex-cloud/yandex\"]",
      "instances": [
        {
          "schema_version": 0,
          "attributes": {
            "created_at": "2023-11-08T17:03:49Z",
            "default_security_group_id": "enppjpeqcndut5r2rfjs",
            "description": "",
            "folder_id": "b1gs8gks9evl3v7ufrrl",
            "id": "enpn68815f3k7ma0bq40",
            "labels": {},
            "name": "",
            "subnet_ids": [
              "e9boapljep28mio9gr91"
            ],
            "timeouts": null
          },
          "sensitive_attributes": [],
          "private": "eyJlMmJmYjczMC1lY2FhLTExZTYtOGY4OC0zNDM2M2JjN2M0YzAiOnsiY3JlYXRlIjo2MDAwMDAwMDAwMCwiZGVsZXRlIjo2MDAwMDAwMDAwMCwidXBkYXRlIjo2MDAwMDAwMDAwMH19"
        }
      ]
    },
    {
      "mode": "managed",
      "type": "yandex_vpc_subnet",
      "name": "foo",
      "provider": "provider[\"registry.terraform.io/yandex-cloud/yandex\"]",
      "instances": [
        {
          "schema_version": 0,
          "attributes": {
            "created_at": "2023-11-08T17:03:50Z",
            "description": "",
            "dhcp_options": [],
            "folder_id": "b1gs8gks9evl3v7ufrrl",
            "id": "e9boapljep28mio9gr91",
            "labels": {},
            "name": "",
            "network_id": "enpn68815f3k7ma0bq40",
            "route_table_id": "",
            "timeouts": null,
            "v4_cidr_blocks": [
              "10.5.0.0/24"
            ],
            "v6_cidr_blocks": [],
            "zone": "ru-central1-a"
          },
          "sensitive_attributes": [],
          "private": "eyJlMmJmYjczMC1lY2FhLTExZTYtOGY4OC0zNDM2M2JjN2M0YzAiOnsiY3JlYXRlIjoxODAwMDAwMDAwMDAsImRlbGV0ZSI6MTgwMDAwMDAwMDAwLCJ1cGRhdGUiOjE4MDAwMDAwMDAwMH19",
          "dependencies": [
            "yandex_vpc_network.foo"
          ]
        }
      ]
    }
  ],
  "check_results": null
}
